Microsoft Visual Studio Solution File, Format Version 12.00
# Visual Studio Version 17
VisualStudioVersion = 17.5.2.0
MinimumVisualStudioVersion = 10.0.40219.1
Project("{FAE04EC0-301F-11D3-BF4B-00C04F79EFBC}") = "CalculadoraApp", "CalculadoraApp\CalculadoraApp.csproj", "{1882493F-29E2-94BF-CCFF-7FEB4A546038}"
EndProject
Global
	GlobalSection(SolutionConfigurationPlatforms) = preSolution
		Debug|Any CPU = Debug|Any CPU
		Release|Any CPU = Release|Any CPU
	EndGlobalSection
	GlobalSection(ProjectConfigurationPlatforms) = postSolution
		{1882493F-29E2-94BF-CCFF-7FEB4A546038}.Debug|Any CPU.ActiveCfg = Debug|Any CPU
		{1882493F-29E2-94BF-CCFF-7FEB4A546038}.Debug|Any CPU.Build.0 = Debug|Any CPU
		{1882493F-29E2-94BF-CCFF-7FEB4A546038}.Release|Any CPU.ActiveCfg = Release|Any CPU
		{1882493F-29E2-94BF-CCFF-7FEB4A546038}.Release|Any CPU.Build.0 = Release|Any CPU
	EndGlobalSection
	GlobalSection(SolutionProperties) = preSolution
		HideSolutionNode = FALSE
	EndGlobalSection
	GlobalSection(ExtensibilityGlobals) = postSolution
		SolutionGuid = {46A8AF7F-25DF-41BC-899C-442B8B4FE1AE}
	EndGlobalSection
EndGlobal
